{
  "originHash" : "174f0f74bcff16e611dc05815f503172a719d8d5b5aea3d4a3f35ca03eaae97a",
  "pins" : [
    {
      "identity" : "javascriptkit",
      "kind" : "remoteSourceControl",
      "location" : "https://github.com/swiftwasm/JavaScriptKit",
      "state" : {
        "branch" : "main",
        "revision" : "91350448aa5302269ee73664b1c32cb21ea6820c"
      }
    },
    {
      "identity" : "swift-dlmalloc",
      "kind" : "remoteSourceControl",
      "location" : "https://github.com/swiftwasm/swift-dlmalloc",
      "state" : {
        "revision" : "0c3838252811e5cbda50c31f6f8a289b95207b17",
        "version" : "0.1.0"
      }
    }
  ],
  "version" : 3
}
